
Microsoft Visual Studio Solution File, Format Version 12.00
# Visual Studio Version 17
VisualStudioVersion = 17.6.33815.320
MinimumVisualStudioVersion = 10.0.40219.1
Project("{FAE04EC0-301F-11D3-BF4B-00C04F79EFBC}") = "SampleASPFramework45", "SampleASPFramework45\SampleASPFramework45.csproj", "{A0B99CF4-A095-41A0-B3C0-2AD73FBDA27A}"
EndProject
Global
	GlobalSection(SolutionConfigurationPlatforms) = preSolution
		Debug|Any CPU = Debug|Any CPU
		Release|Any CPU = Release|Any CPU
	EndGlobalSection
	GlobalSection(ProjectConfigurationPlatforms) = postSolution
		{A0B99CF4-A095-41A0-B3C0-2AD73FBDA27A}.Debug|Any CPU.ActiveCfg = Debug|Any CPU
		{A0B99CF4-A095-41A0-B3C0-2AD73FBDA27A}.Debug|Any CPU.Build.0 = Debug|Any CPU
		{A0B99CF4-A095-41A0-B3C0-2AD73FBDA27A}.Release|Any CPU.ActiveCfg = Release|Any CPU
		{A0B99CF4-A095-41A0-B3C0-2AD73FBDA27A}.Release|Any CPU.Build.0 = Release|Any CPU
	EndGlobalSection
	GlobalSection(SolutionProperties) = preSolution
		HideSolutionNode = FALSE
	EndGlobalSection
	GlobalSection(ExtensibilityGlobals) = postSolution
		SolutionGuid = {E1AFCD4E-C941-4127-8344-6CC09244309E}
	EndGlobalSection
EndGlobal
